
Microsoft Visual Studio Solution File, Format Version 12.00
# Visual Studio Version 17
VisualStudioVersion = 17.3.32901.215
MinimumVisualStudioVersion = 10.0.40219.1
Project("{8BC9CEB8-8B4A-11D0-8D11-00A0C91BC942}") = "ACV1FileHook", "ACV1FileHook\ACV1FileHook.vcxproj", "{DE2F0B6B-E416-4208-880D-764BCD30E4FF}"
EndProject
Project("{8BC9CEB8-8B4A-11D0-8D11-00A0C91BC942}") = "ACV1FileLoader", "ACV1FileLoader\ACV1FileLoader.vcxproj", "{462EE0B0-04A9-483C-A475-2A391157AF6A}"
EndProject
Project("{8BC9CEB8-8B4A-11D0-8D11-00A0C91BC942}") = "TDA", "TDA\TDA.vcxproj", "{6025B745-02F7-47EA-9911-35649DA8CEA0}"
EndProject
Project("{8BC9CEB8-8B4A-11D0-8D11-00A0C91BC942}") = "ACV1ScriptRename", "ACV1ScriptRename\ACV1ScriptRename.vcxproj", "{3C840251-B8C8-49C4-AC60-72D8934987C6}"
EndProject
Project("{8BC9CEB8-8B4A-11D0-8D11-00A0C91BC942}") = "ACV1TextEditor", "ACV1TextEditor\ACV1TextEditor.vcxproj", "{C549357A-687E-4FAF-BCB7-C347AB21E91D}"
EndProject
Project("{8BC9CEB8-8B4A-11D0-8D11-00A0C91BC942}") = "ACV1Extract", "ACV1Extract\ACV1Extract.vcxproj", "{E580BDF6-7CF5-4E3B-8DE3-8D8A26335942}"
EndProject
Global
	GlobalSection(SolutionConfigurationPlatforms) = preSolution
		Debug|x64 = Debug|x64
		Debug|x86 = Debug|x86
		Release|x64 = Release|x64
		Release|x86 = Release|x86
	EndGlobalSection
	GlobalSection(ProjectConfigurationPlatforms) = postSolution
		{DE2F0B6B-E416-4208-880D-764BCD30E4FF}.Debug|x64.ActiveCfg = Debug|Win32
		{DE2F0B6B-E416-4208-880D-764BCD30E4FF}.Debug|x64.Build.0 = Debug|Win32
		{DE2F0B6B-E416-4208-880D-764BCD30E4FF}.Debug|x86.ActiveCfg = Debug|Win32
		{DE2F0B6B-E416-4208-880D-764BCD30E4FF}.Debug|x86.Build.0 = Debug|Win32
		{DE2F0B6B-E416-4208-880D-764BCD30E4FF}.Release|x64.ActiveCfg = Release|Win32
		{DE2F0B6B-E416-4208-880D-764BCD30E4FF}.Release|x64.Build.0 = Release|Win32
		{DE2F0B6B-E416-4208-880D-764BCD30E4FF}.Release|x86.ActiveCfg = Release|Win32
		{DE2F0B6B-E416-4208-880D-764BCD30E4FF}.Release|x86.Build.0 = Release|Win32
		{462EE0B0-04A9-483C-A475-2A391157AF6A}.Debug|x64.ActiveCfg = Debug|Win32
		{462EE0B0-04A9-483C-A475-2A391157AF6A}.Debug|x64.Build.0 = Debug|Win32
		{462EE0B0-04A9-483C-A475-2A391157AF6A}.Debug|x86.ActiveCfg = Debug|Win32
		{462EE0B0-04A9-483C-A475-2A391157AF6A}.Debug|x86.Build.0 = Debug|Win32
		{462EE0B0-04A9-483C-A475-2A391157AF6A}.Release|x64.ActiveCfg = Release|Win32
		{462EE0B0-04A9-483C-A475-2A391157AF6A}.Release|x64.Build.0 = Release|Win32
		{462EE0B0-04A9-483C-A475-2A391157AF6A}.Release|x86.ActiveCfg = Release|Win32
		{462EE0B0-04A9-483C-A475-2A391157AF6A}.Release|x86.Build.0 = Release|Win32
		{6025B745-02F7-47EA-9911-35649DA8CEA0}.Debug|x64.ActiveCfg = Debug|x64
		{6025B745-02F7-47EA-9911-35649DA8CEA0}.Debug|x64.Build.0 = Debug|x64
		{6025B745-02F7-47EA-9911-35649DA8CEA0}.Debug|x86.ActiveCfg = Debug|Win32
		{6025B745-02F7-47EA-9911-35649DA8CEA0}.Debug|x86.Build.0 = Debug|Win32
		{6025B745-02F7-47EA-9911-35649DA8CEA0}.Release|x64.ActiveCfg = Release|x64
		{6025B745-02F7-47EA-9911-35649DA8CEA0}.Release|x64.Build.0 = Release|x64
		{6025B745-02F7-47EA-9911-35649DA8CEA0}.Release|x86.ActiveCfg = Release|Win32
		{6025B745-02F7-47EA-9911-35649DA8CEA0}.Release|x86.Build.0 = Release|Win32
		{3C840251-B8C8-49C4-AC60-72D8934987C6}.Debug|x64.ActiveCfg = Debug|x64
		{3C840251-B8C8-49C4-AC60-72D8934987C6}.Debug|x64.Build.0 = Debug|x64
		{3C840251-B8C8-49C4-AC60-72D8934987C6}.Debug|x86.ActiveCfg = Debug|Win32
		{3C840251-B8C8-49C4-AC60-72D8934987C6}.Debug|x86.Build.0 = Debug|Win32
		{3C840251-B8C8-49C4-AC60-72D8934987C6}.Release|x64.ActiveCfg = Release|x64
		{3C840251-B8C8-49C4-AC60-72D8934987C6}.Release|x64.Build.0 = Release|x64
		{3C840251-B8C8-49C4-AC60-72D8934987C6}.Release|x86.ActiveCfg = Release|Win32
		{3C840251-B8C8-49C4-AC60-72D8934987C6}.Release|x86.Build.0 = Release|Win32
		{C549357A-687E-4FAF-BCB7-C347AB21E91D}.Debug|x64.ActiveCfg = Debug|x64
		{C549357A-687E-4FAF-BCB7-C347AB21E91D}.Debug|x64.Build.0 = Debug|x64
		{C549357A-687E-4FAF-BCB7-C347AB21E91D}.Debug|x86.ActiveCfg = Debug|Win32
		{C549357A-687E-4FAF-BCB7-C347AB21E91D}.Debug|x86.Build.0 = Debug|Win32
		{C549357A-687E-4FAF-BCB7-C347AB21E91D}.Release|x64.ActiveCfg = Release|x64
		{C549357A-687E-4FAF-BCB7-C347AB21E91D}.Release|x64.Build.0 = Release|x64
		{C549357A-687E-4FAF-BCB7-C347AB21E91D}.Release|x86.ActiveCfg = Release|Win32
		{C549357A-687E-4FAF-BCB7-C347AB21E91D}.Release|x86.Build.0 = Release|Win32
		{E580BDF6-7CF5-4E3B-8DE3-8D8A26335942}.Debug|x64.ActiveCfg = Debug|x64
		{E580BDF6-7CF5-4E3B-8DE3-8D8A26335942}.Debug|x64.Build.0 = Debug|x64
		{E580BDF6-7CF5-4E3B-8DE3-8D8A26335942}.Debug|x86.ActiveCfg = Debug|Win32
		{E580BDF6-7CF5-4E3B-8DE3-8D8A26335942}.Debug|x86.Build.0 = Debug|Win32
		{E580BDF6-7CF5-4E3B-8DE3-8D8A26335942}.Release|x64.ActiveCfg = Release|x64
		{E580BDF6-7CF5-4E3B-8DE3-8D8A26335942}.Release|x64.Build.0 = Release|x64
		{E580BDF6-7CF5-4E3B-8DE3-8D8A26335942}.Release|x86.ActiveCfg = Release|Win32
		{E580BDF6-7CF5-4E3B-8DE3-8D8A26335942}.Release|x86.Build.0 = Release|Win32
	EndGlobalSection
	GlobalSection(SolutionProperties) = preSolution
		HideSolutionNode = FALSE
	EndGlobalSection
	GlobalSection(ExtensibilityGlobals) = postSolution
		SolutionGuid = {E3B0A04F-39AB-451D-8342-59EC3D87B363}
	EndGlobalSection
EndGlobal
