
Microsoft Visual Studio Solution File, Format Version 12.00
# Visual Studio Version 17
VisualStudioVersion = 17.3.32901.215
MinimumVisualStudioVersion = 10.0.40219.1
Project("{8BC9CEB8-8B4A-11D0-8D11-00A0C91BC942}") = "ACV1FileHook", "ACV1FileHook\ACV1FileHook.vcxproj", "{DE2F0B6B-E416-4208-880D-764BCD30E4FF}"
EndProject
Project("{8BC9CEB8-8B4A-11D0-8D11-00A0C91BC942}") = "ACV1FileLoader", "ACV1FileLoader\ACV1FileLoader.vcxproj", "{462EE0B0-04A9-483C-A475-2A391157AF6A}"
EndProject
Global
	GlobalSection(SolutionConfigurationPlatforms) = preSolution
		Debug|x86 = Debug|x86
		Release|x86 = Release|x86
	EndGlobalSection
	GlobalSection(ProjectConfigurationPlatforms) = postSolution
		{DE2F0B6B-E416-4208-880D-764BCD30E4FF}.Debug|x86.ActiveCfg = Debug|Win32
		{DE2F0B6B-E416-4208-880D-764BCD30E4FF}.Debug|x86.Build.0 = Debug|Win32
		{DE2F0B6B-E416-4208-880D-764BCD30E4FF}.Release|x86.ActiveCfg = Release|Win32
		{DE2F0B6B-E416-4208-880D-764BCD30E4FF}.Release|x86.Build.0 = Release|Win32
		{462EE0B0-04A9-483C-A475-2A391157AF6A}.Debug|x86.ActiveCfg = Debug|Win32
		{462EE0B0-04A9-483C-A475-2A391157AF6A}.Debug|x86.Build.0 = Debug|Win32
		{462EE0B0-04A9-483C-A475-2A391157AF6A}.Release|x86.ActiveCfg = Release|Win32
		{462EE0B0-04A9-483C-A475-2A391157AF6A}.Release|x86.Build.0 = Release|Win32
	EndGlobalSection
	GlobalSection(SolutionProperties) = preSolution
		HideSolutionNode = FALSE
	EndGlobalSection
	GlobalSection(ExtensibilityGlobals) = postSolution
		SolutionGuid = {E3B0A04F-39AB-451D-8342-59EC3D87B363}
	EndGlobalSection
EndGlobal
