
Microsoft Visual Studio Solution File, Format Version 12.00
# Visual Studio Version 17
VisualStudioVersion = 17.3.32929.385
MinimumVisualStudioVersion = 10.0.40219.1
Project("{8BC9CEB8-8B4A-11D0-8D11-00A0C91BC942}") = "ScriptRename", "ScriptRename\ScriptRename.vcxproj", "{3C840251-B8C8-49C4-AC60-72D8934987C6}"
EndProject
Global
	GlobalSection(SolutionConfigurationPlatforms) = preSolution
		Debug|x64 = Debug|x64
		Debug|x86 = Debug|x86
		Release|x64 = Release|x64
		Release|x86 = Release|x86
	EndGlobalSection
	GlobalSection(ProjectConfigurationPlatforms) = postSolution
		{3C840251-B8C8-49C4-AC60-72D8934987C6}.Debug|x64.ActiveCfg = Debug|x64
		{3C840251-B8C8-49C4-AC60-72D8934987C6}.Debug|x64.Build.0 = Debug|x64
		{3C840251-B8C8-49C4-AC60-72D8934987C6}.Debug|x86.ActiveCfg = Debug|Win32
		{3C840251-B8C8-49C4-AC60-72D8934987C6}.Debug|x86.Build.0 = Debug|Win32
		{3C840251-B8C8-49C4-AC60-72D8934987C6}.Release|x64.ActiveCfg = Release|x64
		{3C840251-B8C8-49C4-AC60-72D8934987C6}.Release|x64.Build.0 = Release|x64
		{3C840251-B8C8-49C4-AC60-72D8934987C6}.Release|x86.ActiveCfg = Release|Win32
		{3C840251-B8C8-49C4-AC60-72D8934987C6}.Release|x86.Build.0 = Release|Win32
	EndGlobalSection
	GlobalSection(SolutionProperties) = preSolution
		HideSolutionNode = FALSE
	EndGlobalSection
	GlobalSection(ExtensibilityGlobals) = postSolution
		SolutionGuid = {FC03E325-78FB-4DEF-A2AB-73658715340B}
	EndGlobalSection
EndGlobal
